
Microsoft Visual Studio Solution File, Format Version 12.00
# Visual Studio Version 17
VisualStudioVersion = 17.14.36202.13
MinimumVisualStudioVersion = 10.0.40219.1
Project("{2150E333-8FDC-42A3-9474-1A3956D46DE8}") = "src", "src", "{02EA681E-C7D8-13C7-8484-4AC65E1B71E8}"
EndProject
Project("{2150E333-8FDC-42A3-9474-1A3956D46DE8}") = "BusinessLogic", "BusinessLogic", "{6AB68661-4ADE-463E-8C1A-18E092FBF3A7}"
EndProject
Project("{2150E333-8FDC-42A3-9474-1A3956D46DE8}") = "Core", "Core", "{44657B59-2FCE-416B-9141-7F7F28AE0E68}"
EndProject
Project("{2150E333-8FDC-42A3-9474-1A3956D46DE8}") = "Presentation", "Presentation", "{291EEE71-A16B-49C8-982F-97DEBAD29B64}"
EndProject
Project("{FAE04EC0-301F-11D3-BF4B-00C04F79EFBC}") = "Erp.BL", "Erp.BL\Erp.BL.csproj", "{4C0B8BC4-2C94-4B8D-B775-7A3ACA4A1676}"
EndProject
Project("{FAE04EC0-301F-11D3-BF4B-00C04F79EFBC}") = "Erp.Infrastructure", "Erp.Infrastructure\Erp.Infrastructure.csproj", "{3D2662D3-469E-4102-AEBC-36CC44B16E33}"
EndProject
Project("{FAE04EC0-301F-11D3-BF4B-00C04F79EFBC}") = "Erp.Core", "Erp.Core\Erp.Core.csproj", "{7F74FDA6-E23B-4F17-B4C8-85C674B66FB4}"
EndProject
Project("{FAE04EC0-301F-11D3-BF4B-00C04F79EFBC}") = "Erp.Application", "Erp.Application\Erp.Application.csproj", "{A7492066-24B7-4A69-A3B6-BCFFB7A85FBD}"
EndProject
Project("{FAE04EC0-301F-11D3-BF4B-00C04F79EFBC}") = "Erp.Dtos", "Erp.Dtos\Erp.Dtos.csproj", "{E4A00751-EBF0-495F-B7A4-186B9B8C4923}"
EndProject
Project("{FAE04EC0-301F-11D3-BF4B-00C04F79EFBC}") = "Erp.Web", "Erp.Web\Erp.Web.csproj", "{07DCB168-826F-4DB7-8918-28147539D8B3}"
EndProject
Global
	GlobalSection(SolutionConfigurationPlatforms) = preSolution
		Debug|Any CPU = Debug|Any CPU
		Release|Any CPU = Release|Any CPU
	EndGlobalSection
	GlobalSection(ProjectConfigurationPlatforms) = postSolution
		{4C0B8BC4-2C94-4B8D-B775-7A3ACA4A1676}.Debug|Any CPU.ActiveCfg = Debug|Any CPU
		{4C0B8BC4-2C94-4B8D-B775-7A3ACA4A1676}.Debug|Any CPU.Build.0 = Debug|Any CPU
		{4C0B8BC4-2C94-4B8D-B775-7A3ACA4A1676}.Release|Any CPU.ActiveCfg = Release|Any CPU
		{4C0B8BC4-2C94-4B8D-B775-7A3ACA4A1676}.Release|Any CPU.Build.0 = Release|Any CPU
		{3D2662D3-469E-4102-AEBC-36CC44B16E33}.Debug|Any CPU.ActiveCfg = Debug|Any CPU
		{3D2662D3-469E-4102-AEBC-36CC44B16E33}.Debug|Any CPU.Build.0 = Debug|Any CPU
		{3D2662D3-469E-4102-AEBC-36CC44B16E33}.Release|Any CPU.ActiveCfg = Release|Any CPU
		{3D2662D3-469E-4102-AEBC-36CC44B16E33}.Release|Any CPU.Build.0 = Release|Any CPU
		{7F74FDA6-E23B-4F17-B4C8-85C674B66FB4}.Debug|Any CPU.ActiveCfg = Debug|Any CPU
		{7F74FDA6-E23B-4F17-B4C8-85C674B66FB4}.Debug|Any CPU.Build.0 = Debug|Any CPU
		{7F74FDA6-E23B-4F17-B4C8-85C674B66FB4}.Release|Any CPU.ActiveCfg = Release|Any CPU
		{7F74FDA6-E23B-4F17-B4C8-85C674B66FB4}.Release|Any CPU.Build.0 = Release|Any CPU
		{A7492066-24B7-4A69-A3B6-BCFFB7A85FBD}.Debug|Any CPU.ActiveCfg = Debug|Any CPU
		{A7492066-24B7-4A69-A3B6-BCFFB7A85FBD}.Debug|Any CPU.Build.0 = Debug|Any CPU
		{A7492066-24B7-4A69-A3B6-BCFFB7A85FBD}.Release|Any CPU.ActiveCfg = Release|Any CPU
		{A7492066-24B7-4A69-A3B6-BCFFB7A85FBD}.Release|Any CPU.Build.0 = Release|Any CPU
		{E4A00751-EBF0-495F-B7A4-186B9B8C4923}.Debug|Any CPU.ActiveCfg = Debug|Any CPU
		{E4A00751-EBF0-495F-B7A4-186B9B8C4923}.Debug|Any CPU.Build.0 = Debug|Any CPU
		{E4A00751-EBF0-495F-B7A4-186B9B8C4923}.Release|Any CPU.ActiveCfg = Release|Any CPU
		{E4A00751-EBF0-495F-B7A4-186B9B8C4923}.Release|Any CPU.Build.0 = Release|Any CPU
		{07DCB168-826F-4DB7-8918-28147539D8B3}.Debug|Any CPU.ActiveCfg = Debug|Any CPU
		{07DCB168-826F-4DB7-8918-28147539D8B3}.Debug|Any CPU.Build.0 = Debug|Any CPU
		{07DCB168-826F-4DB7-8918-28147539D8B3}.Release|Any CPU.ActiveCfg = Release|Any CPU
		{07DCB168-826F-4DB7-8918-28147539D8B3}.Release|Any CPU.Build.0 = Release|Any CPU
	EndGlobalSection
	GlobalSection(SolutionProperties) = preSolution
		HideSolutionNode = FALSE
	EndGlobalSection
	GlobalSection(NestedProjects) = preSolution
		{6AB68661-4ADE-463E-8C1A-18E092FBF3A7} = {02EA681E-C7D8-13C7-8484-4AC65E1B71E8}
		{44657B59-2FCE-416B-9141-7F7F28AE0E68} = {02EA681E-C7D8-13C7-8484-4AC65E1B71E8}
		{291EEE71-A16B-49C8-982F-97DEBAD29B64} = {02EA681E-C7D8-13C7-8484-4AC65E1B71E8}
		{4C0B8BC4-2C94-4B8D-B775-7A3ACA4A1676} = {6AB68661-4ADE-463E-8C1A-18E092FBF3A7}
		{3D2662D3-469E-4102-AEBC-36CC44B16E33} = {6AB68661-4ADE-463E-8C1A-18E092FBF3A7}
		{7F74FDA6-E23B-4F17-B4C8-85C674B66FB4} = {44657B59-2FCE-416B-9141-7F7F28AE0E68}
		{A7492066-24B7-4A69-A3B6-BCFFB7A85FBD} = {44657B59-2FCE-416B-9141-7F7F28AE0E68}
		{E4A00751-EBF0-495F-B7A4-186B9B8C4923} = {44657B59-2FCE-416B-9141-7F7F28AE0E68}
		{07DCB168-826F-4DB7-8918-28147539D8B3} = {291EEE71-A16B-49C8-982F-97DEBAD29B64}
	EndGlobalSection
	GlobalSection(ExtensibilityGlobals) = postSolution
		SolutionGuid = {A6931B06-12F1-4A00-BCE6-B9048F698951}
	EndGlobalSection
EndGlobal
